
Microsoft Visual Studio Solution File, Format Version 12.00
# Visual Studio 2012
Project("{FAE04EC0-301F-11D3-BF4B-00C04F79EFBC}") = "Probrem3_1", "Probrem3_1\Probrem3_1.csproj", "{497C00AB-E94E-4B35-A650-77016BC24775}"
EndProject
Project("{FAE04EC0-301F-11D3-BF4B-00C04F79EFBC}") = "Probrem3_2", "Probrem3_2\Probrem3_2.csproj", "{40F1394E-4EB0-4285-8B05-D326D806D173}"
EndProject
Project("{FAE04EC0-301F-11D3-BF4B-00C04F79EFBC}") = "Probrem3_3", "Probrem3_3\Probrem3_3.csproj", "{0EAB2214-2DA3-48B9-8AAA-3783C4BA7BCC}"
EndProject
Project("{FAE04EC0-301F-11D3-BF4B-00C04F79EFBC}") = "Probrem3_4", "Probrem3_4\Probrem3_4.csproj", "{2463AA9F-1704-4916-9BD8-41E9B2EA2D7A}"
EndProject
Project("{FAE04EC0-301F-11D3-BF4B-00C04F79EFBC}") = "Probrem3_5", "Probrem3_5\Probrem3_5.csproj", "{590E3B7F-20EA-486D-8BDB-23496DD57162}"
EndProject
Project("{FAE04EC0-301F-11D3-BF4B-00C04F79EFBC}") = "Probrem3_6", "Probrem3_6\Probrem3_6.csproj", "{D0D66FA4-C389-4848-90C2-A991E4666584}"
EndProject
Project("{FAE04EC0-301F-11D3-BF4B-00C04F79EFBC}") = "Probrem3_7", "Probrem3_7\Probrem3_7.csproj", "{B9F8C143-684B-4EEB-9077-E761A1E57430}"
EndProject
Project("{FAE04EC0-301F-11D3-BF4B-00C04F79EFBC}") = "Probrem3_8", "Probrem3_8\Probrem3_8.csproj", "{7CDD5324-D5A1-4A06-987D-EA7E58A3723D}"
EndProject
Project("{FAE04EC0-301F-11D3-BF4B-00C04F79EFBC}") = "Probrem3_9", "Probrem3_9\Probrem3_9.csproj", "{39529A29-4861-4DFA-A75F-E7DF631BF278}"
EndProject
Project("{FAE04EC0-301F-11D3-BF4B-00C04F79EFBC}") = "Probrem3_10", "Probrem3_10\Probrem3_10.csproj", "{E8FBD2E1-14AE-4A8C-9440-5129BE951171}"
EndProject
Project("{FAE04EC0-301F-11D3-BF4B-00C04F79EFBC}") = "Probrem3_11", "Probrem3_11\Probrem3_11.csproj", "{5F2184C2-A731-4065-965C-6472F09AE4F5}"
EndProject
Project("{FAE04EC0-301F-11D3-BF4B-00C04F79EFBC}") = "Probrem3_12", "Probrem3_12\Probrem3_12.csproj", "{61C03CD2-AC50-46D4-9969-1555FB92FBDA}"
EndProject
Project("{FAE04EC0-301F-11D3-BF4B-00C04F79EFBC}") = "Probrem3_13", "Probrem3_13\Probrem3_13.csproj", "{A047843A-9365-4D63-9396-CD290D46603A}"
EndProject
Project("{FAE04EC0-301F-11D3-BF4B-00C04F79EFBC}") = "Probrem3_14", "Probrem3_14\Probrem3_14.csproj", "{299BFFB9-BA52-4C6D-87F1-81CA07AF184F}"
EndProject
Project("{FAE04EC0-301F-11D3-BF4B-00C04F79EFBC}") = "Probrem3_15", "Probrem3_15\Probrem3_15.csproj", "{D497291A-C0FE-4A52-8DEF-26457C8B74EF}"
EndProject
Project("{FAE04EC0-301F-11D3-BF4B-00C04F79EFBC}") = "Probrem3_16", "Probrem3_16\Probrem3_16.csproj", "{37843183-4B48-4674-A46E-4BA7E2E471BB}"
EndProject
Project("{FAE04EC0-301F-11D3-BF4B-00C04F79EFBC}") = "Probrem3_17", "Probrem3_17\Probrem3_17.csproj", "{5FAAB0ED-4641-46C6-81FB-0DC021203439}"
EndProject
Project("{FAE04EC0-301F-11D3-BF4B-00C04F79EFBC}") = "Probrem3_18", "Probrem3_18\Probrem3_18.csproj", "{AAA4EEF3-593A-4DB9-AEAF-E5F5E665E61D}"
EndProject
Global
	GlobalSection(SolutionConfigurationPlatforms) = preSolution
		Debug|Any CPU = Debug|Any CPU
		Release|Any CPU = Release|Any CPU
	EndGlobalSection
	GlobalSection(ProjectConfigurationPlatforms) = postSolution
		{497C00AB-E94E-4B35-A650-77016BC24775}.Debug|Any CPU.ActiveCfg = Debug|Any CPU
		{497C00AB-E94E-4B35-A650-77016BC24775}.Debug|Any CPU.Build.0 = Debug|Any CPU
		{497C00AB-E94E-4B35-A650-77016BC24775}.Release|Any CPU.ActiveCfg = Release|Any CPU
		{497C00AB-E94E-4B35-A650-77016BC24775}.Release|Any CPU.Build.0 = Release|Any CPU
		{40F1394E-4EB0-4285-8B05-D326D806D173}.Debug|Any CPU.ActiveCfg = Debug|Any CPU
		{40F1394E-4EB0-4285-8B05-D326D806D173}.Debug|Any CPU.Build.0 = Debug|Any CPU
		{40F1394E-4EB0-4285-8B05-D326D806D173}.Release|Any CPU.ActiveCfg = Release|Any CPU
		{40F1394E-4EB0-4285-8B05-D326D806D173}.Release|Any CPU.Build.0 = Release|Any CPU
		{0EAB2214-2DA3-48B9-8AAA-3783C4BA7BCC}.Debug|Any CPU.ActiveCfg = Debug|Any CPU
		{0EAB2214-2DA3-48B9-8AAA-3783C4BA7BCC}.Debug|Any CPU.Build.0 = Debug|Any CPU
		{0EAB2214-2DA3-48B9-8AAA-3783C4BA7BCC}.Release|Any CPU.ActiveCfg = Release|Any CPU
		{0EAB2214-2DA3-48B9-8AAA-3783C4BA7BCC}.Release|Any CPU.Build.0 = Release|Any CPU
		{2463AA9F-1704-4916-9BD8-41E9B2EA2D7A}.Debug|Any CPU.ActiveCfg = Debug|Any CPU
		{2463AA9F-1704-4916-9BD8-41E9B2EA2D7A}.Debug|Any CPU.Build.0 = Debug|Any CPU
		{2463AA9F-1704-4916-9BD8-41E9B2EA2D7A}.Release|Any CPU.ActiveCfg = Release|Any CPU
		{2463AA9F-1704-4916-9BD8-41E9B2EA2D7A}.Release|Any CPU.Build.0 = Release|Any CPU
		{590E3B7F-20EA-486D-8BDB-23496DD57162}.Debug|Any CPU.ActiveCfg = Debug|Any CPU
		{590E3B7F-20EA-486D-8BDB-23496DD57162}.Debug|Any CPU.Build.0 = Debug|Any CPU
		{590E3B7F-20EA-486D-8BDB-23496DD57162}.Release|Any CPU.ActiveCfg = Release|Any CPU
		{590E3B7F-20EA-486D-8BDB-23496DD57162}.Release|Any CPU.Build.0 = Release|Any CPU
		{D0D66FA4-C389-4848-90C2-A991E4666584}.Debug|Any CPU.ActiveCfg = Debug|Any CPU
		{D0D66FA4-C389-4848-90C2-A991E4666584}.Debug|Any CPU.Build.0 = Debug|Any CPU
		{D0D66FA4-C389-4848-90C2-A991E4666584}.Release|Any CPU.ActiveCfg = Release|Any CPU
		{D0D66FA4-C389-4848-90C2-A991E4666584}.Release|Any CPU.Build.0 = Release|Any CPU
		{B9F8C143-684B-4EEB-9077-E761A1E57430}.Debug|Any CPU.ActiveCfg = Debug|Any CPU
		{B9F8C143-684B-4EEB-9077-E761A1E57430}.Debug|Any CPU.Build.0 = Debug|Any CPU
		{B9F8C143-684B-4EEB-9077-E761A1E57430}.Release|Any CPU.ActiveCfg = Release|Any CPU
		{B9F8C143-684B-4EEB-9077-E761A1E57430}.Release|Any CPU.Build.0 = Release|Any CPU
		{7CDD5324-D5A1-4A06-987D-EA7E58A3723D}.Debug|Any CPU.ActiveCfg = Debug|Any CPU
		{7CDD5324-D5A1-4A06-987D-EA7E58A3723D}.Debug|Any CPU.Build.0 = Debug|Any CPU
		{7CDD5324-D5A1-4A06-987D-EA7E58A3723D}.Release|Any CPU.ActiveCfg = Release|Any CPU
		{7CDD5324-D5A1-4A06-987D-EA7E58A3723D}.Release|Any CPU.Build.0 = Release|Any CPU
		{39529A29-4861-4DFA-A75F-E7DF631BF278}.Debug|Any CPU.ActiveCfg = Debug|Any CPU
		{39529A29-4861-4DFA-A75F-E7DF631BF278}.Debug|Any CPU.Build.0 = Debug|Any CPU
		{39529A29-4861-4DFA-A75F-E7DF631BF278}.Release|Any CPU.ActiveCfg = Release|Any CPU
		{39529A29-4861-4DFA-A75F-E7DF631BF278}.Release|Any CPU.Build.0 = Release|Any CPU
		{E8FBD2E1-14AE-4A8C-9440-5129BE951171}.Debug|Any CPU.ActiveCfg = Debug|Any CPU
		{E8FBD2E1-14AE-4A8C-9440-5129BE951171}.Debug|Any CPU.Build.0 = Debug|Any CPU
		{E8FBD2E1-14AE-4A8C-9440-5129BE951171}.Release|Any CPU.ActiveCfg = Release|Any CPU
		{E8FBD2E1-14AE-4A8C-9440-5129BE951171}.Release|Any CPU.Build.0 = Release|Any CPU
		{5F2184C2-A731-4065-965C-6472F09AE4F5}.Debug|Any CPU.ActiveCfg = Debug|Any CPU
		{5F2184C2-A731-4065-965C-6472F09AE4F5}.Debug|Any CPU.Build.0 = Debug|Any CPU
		{5F2184C2-A731-4065-965C-6472F09AE4F5}.Release|Any CPU.ActiveCfg = Release|Any CPU
		{5F2184C2-A731-4065-965C-6472F09AE4F5}.Release|Any CPU.Build.0 = Release|Any CPU
		{61C03CD2-AC50-46D4-9969-1555FB92FBDA}.Debug|Any CPU.ActiveCfg = Debug|Any CPU
		{61C03CD2-AC50-46D4-9969-1555FB92FBDA}.Debug|Any CPU.Build.0 = Debug|Any CPU
		{61C03CD2-AC50-46D4-9969-1555FB92FBDA}.Release|Any CPU.ActiveCfg = Release|Any CPU
		{61C03CD2-AC50-46D4-9969-1555FB92FBDA}.Release|Any CPU.Build.0 = Release|Any CPU
		{A047843A-9365-4D63-9396-CD290D46603A}.Debug|Any CPU.ActiveCfg = Debug|Any CPU
		{A047843A-9365-4D63-9396-CD290D46603A}.Debug|Any CPU.Build.0 = Debug|Any CPU
		{A047843A-9365-4D63-9396-CD290D46603A}.Release|Any CPU.ActiveCfg = Release|Any CPU
		{A047843A-9365-4D63-9396-CD290D46603A}.Release|Any CPU.Build.0 = Release|Any CPU
		{299BFFB9-BA52-4C6D-87F1-81CA07AF184F}.Debug|Any CPU.ActiveCfg = Debug|Any CPU
		{299BFFB9-BA52-4C6D-87F1-81CA07AF184F}.Debug|Any CPU.Build.0 = Debug|Any CPU
		{299BFFB9-BA52-4C6D-87F1-81CA07AF184F}.Release|Any CPU.ActiveCfg = Release|Any CPU
		{299BFFB9-BA52-4C6D-87F1-81CA07AF184F}.Release|Any CPU.Build.0 = Release|Any CPU
		{D497291A-C0FE-4A52-8DEF-26457C8B74EF}.Debug|Any CPU.ActiveCfg = Debug|Any CPU
		{D497291A-C0FE-4A52-8DEF-26457C8B74EF}.Debug|Any CPU.Build.0 = Debug|Any CPU
		{D497291A-C0FE-4A52-8DEF-26457C8B74EF}.Release|Any CPU.ActiveCfg = Release|Any CPU
		{D497291A-C0FE-4A52-8DEF-26457C8B74EF}.Release|Any CPU.Build.0 = Release|Any CPU
		{37843183-4B48-4674-A46E-4BA7E2E471BB}.Debug|Any CPU.ActiveCfg = Debug|Any CPU
		{37843183-4B48-4674-A46E-4BA7E2E471BB}.Debug|Any CPU.Build.0 = Debug|Any CPU
		{37843183-4B48-4674-A46E-4BA7E2E471BB}.Release|Any CPU.ActiveCfg = Release|Any CPU
		{37843183-4B48-4674-A46E-4BA7E2E471BB}.Release|Any CPU.Build.0 = Release|Any CPU
		{5FAAB0ED-4641-46C6-81FB-0DC021203439}.Debug|Any CPU.ActiveCfg = Debug|Any CPU
		{5FAAB0ED-4641-46C6-81FB-0DC021203439}.Debug|Any CPU.Build.0 = Debug|Any CPU
		{5FAAB0ED-4641-46C6-81FB-0DC021203439}.Release|Any CPU.ActiveCfg = Release|Any CPU
		{5FAAB0ED-4641-46C6-81FB-0DC021203439}.Release|Any CPU.Build.0 = Release|Any CPU
		{AAA4EEF3-593A-4DB9-AEAF-E5F5E665E61D}.Debug|Any CPU.ActiveCfg = Debug|Any CPU
		{AAA4EEF3-593A-4DB9-AEAF-E5F5E665E61D}.Debug|Any CPU.Build.0 = Debug|Any CPU
		{AAA4EEF3-593A-4DB9-AEAF-E5F5E665E61D}.Release|Any CPU.ActiveCfg = Release|Any CPU
		{AAA4EEF3-593A-4DB9-AEAF-E5F5E665E61D}.Release|Any CPU.Build.0 = Release|Any CPU
	EndGlobalSection
EndGlobal
