
Microsoft Visual Studio Solution File, Format Version 12.00
# Visual Studio 2012
Project("{FAE04EC0-301F-11D3-BF4B-00C04F79EFBC}") = "Probrem8_1", "Probrem8_1\Probrem8_1.csproj", "{BFD56E6A-8CCD-4FF5-9322-8D78DB6D6926}"
EndProject
Global
	GlobalSection(SolutionConfigurationPlatforms) = preSolution
		Debug|Any CPU = Debug|Any CPU
		Release|Any CPU = Release|Any CPU
	EndGlobalSection
	GlobalSection(ProjectConfigurationPlatforms) = postSolution
		{BFD56E6A-8CCD-4FF5-9322-8D78DB6D6926}.Debug|Any CPU.ActiveCfg = Debug|Any CPU
		{BFD56E6A-8CCD-4FF5-9322-8D78DB6D6926}.Debug|Any CPU.Build.0 = Debug|Any CPU
		{BFD56E6A-8CCD-4FF5-9322-8D78DB6D6926}.Release|Any CPU.ActiveCfg = Release|Any CPU
		{BFD56E6A-8CCD-4FF5-9322-8D78DB6D6926}.Release|Any CPU.Build.0 = Release|Any CPU
	EndGlobalSection
EndGlobal
