
Microsoft Visual Studio Solution File, Format Version 12.00
# Visual Studio 2012
Project("{FAE04EC0-301F-11D3-BF4B-00C04F79EFBC}") = "Probrem8_1", "Probrem8_1\Probrem8_1.csproj", "{BFD56E6A-8CCD-4FF5-9322-8D78DB6D6926}"
EndProject
Project("{FAE04EC0-301F-11D3-BF4B-00C04F79EFBC}") = "Probrem8_2", "Probrem8_2\Probrem8_2.csproj", "{C48A72F3-FF0E-40E2-BA07-CFC42AA784EF}"
EndProject
Project("{FAE04EC0-301F-11D3-BF4B-00C04F79EFBC}") = "Probrem8_3", "Probrem8_3\Probrem8_3.csproj", "{DFB38AEE-F8B6-44D4-971B-108EED51114A}"
EndProject
Project("{FAE04EC0-301F-11D3-BF4B-00C04F79EFBC}") = "Probrem8_4", "Probrem8_4\Probrem8_4.csproj", "{8A4CC6A1-0D8C-4120-A936-6E69021A791D}"
EndProject
Project("{FAE04EC0-301F-11D3-BF4B-00C04F79EFBC}") = "Probrem8_5", "Probrem8_5\Probrem8_5.csproj", "{A3FD6528-0013-4DE9-980D-F213ECABB3A3}"
EndProject
Project("{FAE04EC0-301F-11D3-BF4B-00C04F79EFBC}") = "Probrem8_6", "Probrem8_6\Probrem8_6.csproj", "{4395299F-4874-4212-9E79-CA43472C7CCA}"
EndProject
Project("{FAE04EC0-301F-11D3-BF4B-00C04F79EFBC}") = "Probrem8_8", "Probrem8_8\Probrem8_8.csproj", "{20D4089D-6003-4A48-A0AF-254C21FB33B5}"
EndProject
Project("{FAE04EC0-301F-11D3-BF4B-00C04F79EFBC}") = "Probrem8_9", "Probrem8_9\Probrem8_9.csproj", "{7D510B4B-B6F8-4596-BDF3-7B82E73646B5}"
EndProject
Project("{FAE04EC0-301F-11D3-BF4B-00C04F79EFBC}") = "Probrem8_9_2", "Probrem8_9_2\Probrem8_9_2.csproj", "{18978C6B-056E-4095-A155-947CDB42AE68}"
EndProject
Project("{FAE04EC0-301F-11D3-BF4B-00C04F79EFBC}") = "Probrem8_10", "Probrem8_10\Probrem8_10.csproj", "{E71D0416-C8DD-4562-A554-05304EA57538}"
EndProject
Project("{FAE04EC0-301F-11D3-BF4B-00C04F79EFBC}") = "Probrem8_10_2", "Probrem8_10_2\Probrem8_10_2.csproj", "{1BA677F9-F14E-40F2-A86C-E2C2085FD18D}"
EndProject
Project("{FAE04EC0-301F-11D3-BF4B-00C04F79EFBC}") = "Probrem8_11", "Probrem8_11\Probrem8_11.csproj", "{DB41A597-18C9-447D-82ED-413D4C1334C0}"
EndProject
Global
	GlobalSection(SolutionConfigurationPlatforms) = preSolution
		Debug|Any CPU = Debug|Any CPU
		Release|Any CPU = Release|Any CPU
	EndGlobalSection
	GlobalSection(ProjectConfigurationPlatforms) = postSolution
		{BFD56E6A-8CCD-4FF5-9322-8D78DB6D6926}.Debug|Any CPU.ActiveCfg = Debug|Any CPU
		{BFD56E6A-8CCD-4FF5-9322-8D78DB6D6926}.Debug|Any CPU.Build.0 = Debug|Any CPU
		{BFD56E6A-8CCD-4FF5-9322-8D78DB6D6926}.Release|Any CPU.ActiveCfg = Release|Any CPU
		{BFD56E6A-8CCD-4FF5-9322-8D78DB6D6926}.Release|Any CPU.Build.0 = Release|Any CPU
		{C48A72F3-FF0E-40E2-BA07-CFC42AA784EF}.Debug|Any CPU.ActiveCfg = Debug|Any CPU
		{C48A72F3-FF0E-40E2-BA07-CFC42AA784EF}.Debug|Any CPU.Build.0 = Debug|Any CPU
		{C48A72F3-FF0E-40E2-BA07-CFC42AA784EF}.Release|Any CPU.ActiveCfg = Release|Any CPU
		{C48A72F3-FF0E-40E2-BA07-CFC42AA784EF}.Release|Any CPU.Build.0 = Release|Any CPU
		{DFB38AEE-F8B6-44D4-971B-108EED51114A}.Debug|Any CPU.ActiveCfg = Debug|Any CPU
		{DFB38AEE-F8B6-44D4-971B-108EED51114A}.Debug|Any CPU.Build.0 = Debug|Any CPU
		{DFB38AEE-F8B6-44D4-971B-108EED51114A}.Release|Any CPU.ActiveCfg = Release|Any CPU
		{DFB38AEE-F8B6-44D4-971B-108EED51114A}.Release|Any CPU.Build.0 = Release|Any CPU
		{8A4CC6A1-0D8C-4120-A936-6E69021A791D}.Debug|Any CPU.ActiveCfg = Debug|Any CPU
		{8A4CC6A1-0D8C-4120-A936-6E69021A791D}.Debug|Any CPU.Build.0 = Debug|Any CPU
		{8A4CC6A1-0D8C-4120-A936-6E69021A791D}.Release|Any CPU.ActiveCfg = Release|Any CPU
		{8A4CC6A1-0D8C-4120-A936-6E69021A791D}.Release|Any CPU.Build.0 = Release|Any CPU
		{A3FD6528-0013-4DE9-980D-F213ECABB3A3}.Debug|Any CPU.ActiveCfg = Debug|Any CPU
		{A3FD6528-0013-4DE9-980D-F213ECABB3A3}.Debug|Any CPU.Build.0 = Debug|Any CPU
		{A3FD6528-0013-4DE9-980D-F213ECABB3A3}.Release|Any CPU.ActiveCfg = Release|Any CPU
		{A3FD6528-0013-4DE9-980D-F213ECABB3A3}.Release|Any CPU.Build.0 = Release|Any CPU
		{4395299F-4874-4212-9E79-CA43472C7CCA}.Debug|Any CPU.ActiveCfg = Debug|Any CPU
		{4395299F-4874-4212-9E79-CA43472C7CCA}.Debug|Any CPU.Build.0 = Debug|Any CPU
		{4395299F-4874-4212-9E79-CA43472C7CCA}.Release|Any CPU.ActiveCfg = Release|Any CPU
		{4395299F-4874-4212-9E79-CA43472C7CCA}.Release|Any CPU.Build.0 = Release|Any CPU
		{20D4089D-6003-4A48-A0AF-254C21FB33B5}.Debug|Any CPU.ActiveCfg = Debug|Any CPU
		{20D4089D-6003-4A48-A0AF-254C21FB33B5}.Debug|Any CPU.Build.0 = Debug|Any CPU
		{20D4089D-6003-4A48-A0AF-254C21FB33B5}.Release|Any CPU.ActiveCfg = Release|Any CPU
		{20D4089D-6003-4A48-A0AF-254C21FB33B5}.Release|Any CPU.Build.0 = Release|Any CPU
		{7D510B4B-B6F8-4596-BDF3-7B82E73646B5}.Debug|Any CPU.ActiveCfg = Debug|Any CPU
		{7D510B4B-B6F8-4596-BDF3-7B82E73646B5}.Debug|Any CPU.Build.0 = Debug|Any CPU
		{7D510B4B-B6F8-4596-BDF3-7B82E73646B5}.Release|Any CPU.ActiveCfg = Release|Any CPU
		{7D510B4B-B6F8-4596-BDF3-7B82E73646B5}.Release|Any CPU.Build.0 = Release|Any CPU
		{18978C6B-056E-4095-A155-947CDB42AE68}.Debug|Any CPU.ActiveCfg = Debug|Any CPU
		{18978C6B-056E-4095-A155-947CDB42AE68}.Debug|Any CPU.Build.0 = Debug|Any CPU
		{18978C6B-056E-4095-A155-947CDB42AE68}.Release|Any CPU.ActiveCfg = Release|Any CPU
		{18978C6B-056E-4095-A155-947CDB42AE68}.Release|Any CPU.Build.0 = Release|Any CPU
		{E71D0416-C8DD-4562-A554-05304EA57538}.Debug|Any CPU.ActiveCfg = Debug|Any CPU
		{E71D0416-C8DD-4562-A554-05304EA57538}.Debug|Any CPU.Build.0 = Debug|Any CPU
		{E71D0416-C8DD-4562-A554-05304EA57538}.Release|Any CPU.ActiveCfg = Release|Any CPU
		{E71D0416-C8DD-4562-A554-05304EA57538}.Release|Any CPU.Build.0 = Release|Any CPU
		{1BA677F9-F14E-40F2-A86C-E2C2085FD18D}.Debug|Any CPU.ActiveCfg = Debug|Any CPU
		{1BA677F9-F14E-40F2-A86C-E2C2085FD18D}.Debug|Any CPU.Build.0 = Debug|Any CPU
		{1BA677F9-F14E-40F2-A86C-E2C2085FD18D}.Release|Any CPU.ActiveCfg = Release|Any CPU
		{1BA677F9-F14E-40F2-A86C-E2C2085FD18D}.Release|Any CPU.Build.0 = Release|Any CPU
		{DB41A597-18C9-447D-82ED-413D4C1334C0}.Debug|Any CPU.ActiveCfg = Debug|Any CPU
		{DB41A597-18C9-447D-82ED-413D4C1334C0}.Debug|Any CPU.Build.0 = Debug|Any CPU
		{DB41A597-18C9-447D-82ED-413D4C1334C0}.Release|Any CPU.ActiveCfg = Release|Any CPU
		{DB41A597-18C9-447D-82ED-413D4C1334C0}.Release|Any CPU.Build.0 = Release|Any CPU
	EndGlobalSection
EndGlobal
