
Microsoft Visual Studio Solution File, Format Version 12.00
# Visual Studio 2012
Project("{FAE04EC0-301F-11D3-BF4B-00C04F79EFBC}") = "Probrem5_1", "Probrem5_1\Probrem5_1.csproj", "{54D511E0-1A21-4B59-8CEB-7A103AC751FD}"
EndProject
Project("{FAE04EC0-301F-11D3-BF4B-00C04F79EFBC}") = "Probrem5_2", "Probrem5_2\Probrem5_2.csproj", "{3030A5ED-95BA-4C63-9F88-4EAEDA4B9F29}"
EndProject
Project("{FAE04EC0-301F-11D3-BF4B-00C04F79EFBC}") = "Probrem5_3", "Probrem5_3\Probrem5_3.csproj", "{775E59F7-14A9-46EF-A40D-C677AED5A6F6}"
EndProject
Project("{FAE04EC0-301F-11D3-BF4B-00C04F79EFBC}") = "Probrem5_4", "Probrem5_4\Probrem5_4.csproj", "{47BDACDF-5FCA-4FE5-81F6-6E85D05102A5}"
EndProject
Project("{FAE04EC0-301F-11D3-BF4B-00C04F79EFBC}") = "Probrem5_5", "Probrem5_5\Probrem5_5.csproj", "{EB531CC1-A008-4D8E-8467-FA55511CB37C}"
EndProject
Project("{FAE04EC0-301F-11D3-BF4B-00C04F79EFBC}") = "Probrem5_6", "Probrem5_6\Probrem5_6.csproj", "{A4E32520-CB74-4F6A-A98F-570FF6A778AF}"
EndProject
Project("{FAE04EC0-301F-11D3-BF4B-00C04F79EFBC}") = "Probrem5_7", "Probrem5_7\Probrem5_7.csproj", "{571B3C95-3A84-447B-A6C6-ADDCEC81D63C}"
EndProject
Project("{FAE04EC0-301F-11D3-BF4B-00C04F79EFBC}") = "Probrem5_8", "Probrem5_8\Probrem5_8.csproj", "{765B29FD-1CA0-439C-AB64-48710B5668CD}"
EndProject
Project("{FAE04EC0-301F-11D3-BF4B-00C04F79EFBC}") = "Probrem5_9", "Probrem5_9\Probrem5_9.csproj", "{C6342C86-CE86-4E92-B04A-57754FD8530E}"
EndProject
Project("{FAE04EC0-301F-11D3-BF4B-00C04F79EFBC}") = "Probrem5_10", "Probrem5_10\Probrem5_10.csproj", "{0DB93E65-13F4-438F-A796-C53B8A3ACC88}"
EndProject
Project("{FAE04EC0-301F-11D3-BF4B-00C04F79EFBC}") = "Probrem5_11", "Probrem5_11\Probrem5_11.csproj", "{16ABB0D2-A7E1-4EF8-ADA7-EE4EC6E71DEC}"
EndProject
Project("{FAE04EC0-301F-11D3-BF4B-00C04F79EFBC}") = "Probrem5_12", "Probrem5_12\Probrem5_12.csproj", "{11DF2C9F-37E0-4A2A-9185-80A77C3FCE1E}"
EndProject
Project("{FAE04EC0-301F-11D3-BF4B-00C04F79EFBC}") = "Probrem5_13", "Probrem5_13\Probrem5_13.csproj", "{C8E234A7-4D73-4F28-8E22-01D87DDBE12E}"
EndProject
Global
	GlobalSection(SolutionConfigurationPlatforms) = preSolution
		Debug|Any CPU = Debug|Any CPU
		Release|Any CPU = Release|Any CPU
	EndGlobalSection
	GlobalSection(ProjectConfigurationPlatforms) = postSolution
		{54D511E0-1A21-4B59-8CEB-7A103AC751FD}.Debug|Any CPU.ActiveCfg = Debug|Any CPU
		{54D511E0-1A21-4B59-8CEB-7A103AC751FD}.Debug|Any CPU.Build.0 = Debug|Any CPU
		{54D511E0-1A21-4B59-8CEB-7A103AC751FD}.Release|Any CPU.ActiveCfg = Release|Any CPU
		{54D511E0-1A21-4B59-8CEB-7A103AC751FD}.Release|Any CPU.Build.0 = Release|Any CPU
		{3030A5ED-95BA-4C63-9F88-4EAEDA4B9F29}.Debug|Any CPU.ActiveCfg = Debug|Any CPU
		{3030A5ED-95BA-4C63-9F88-4EAEDA4B9F29}.Debug|Any CPU.Build.0 = Debug|Any CPU
		{3030A5ED-95BA-4C63-9F88-4EAEDA4B9F29}.Release|Any CPU.ActiveCfg = Release|Any CPU
		{3030A5ED-95BA-4C63-9F88-4EAEDA4B9F29}.Release|Any CPU.Build.0 = Release|Any CPU
		{775E59F7-14A9-46EF-A40D-C677AED5A6F6}.Debug|Any CPU.ActiveCfg = Debug|Any CPU
		{775E59F7-14A9-46EF-A40D-C677AED5A6F6}.Debug|Any CPU.Build.0 = Debug|Any CPU
		{775E59F7-14A9-46EF-A40D-C677AED5A6F6}.Release|Any CPU.ActiveCfg = Release|Any CPU
		{775E59F7-14A9-46EF-A40D-C677AED5A6F6}.Release|Any CPU.Build.0 = Release|Any CPU
		{47BDACDF-5FCA-4FE5-81F6-6E85D05102A5}.Debug|Any CPU.ActiveCfg = Debug|Any CPU
		{47BDACDF-5FCA-4FE5-81F6-6E85D05102A5}.Debug|Any CPU.Build.0 = Debug|Any CPU
		{47BDACDF-5FCA-4FE5-81F6-6E85D05102A5}.Release|Any CPU.ActiveCfg = Release|Any CPU
		{47BDACDF-5FCA-4FE5-81F6-6E85D05102A5}.Release|Any CPU.Build.0 = Release|Any CPU
		{EB531CC1-A008-4D8E-8467-FA55511CB37C}.Debug|Any CPU.ActiveCfg = Debug|Any CPU
		{EB531CC1-A008-4D8E-8467-FA55511CB37C}.Debug|Any CPU.Build.0 = Debug|Any CPU
		{EB531CC1-A008-4D8E-8467-FA55511CB37C}.Release|Any CPU.ActiveCfg = Release|Any CPU
		{EB531CC1-A008-4D8E-8467-FA55511CB37C}.Release|Any CPU.Build.0 = Release|Any CPU
		{A4E32520-CB74-4F6A-A98F-570FF6A778AF}.Debug|Any CPU.ActiveCfg = Debug|Any CPU
		{A4E32520-CB74-4F6A-A98F-570FF6A778AF}.Debug|Any CPU.Build.0 = Debug|Any CPU
		{A4E32520-CB74-4F6A-A98F-570FF6A778AF}.Release|Any CPU.ActiveCfg = Release|Any CPU
		{A4E32520-CB74-4F6A-A98F-570FF6A778AF}.Release|Any CPU.Build.0 = Release|Any CPU
		{571B3C95-3A84-447B-A6C6-ADDCEC81D63C}.Debug|Any CPU.ActiveCfg = Debug|Any CPU
		{571B3C95-3A84-447B-A6C6-ADDCEC81D63C}.Debug|Any CPU.Build.0 = Debug|Any CPU
		{571B3C95-3A84-447B-A6C6-ADDCEC81D63C}.Release|Any CPU.ActiveCfg = Release|Any CPU
		{571B3C95-3A84-447B-A6C6-ADDCEC81D63C}.Release|Any CPU.Build.0 = Release|Any CPU
		{765B29FD-1CA0-439C-AB64-48710B5668CD}.Debug|Any CPU.ActiveCfg = Debug|Any CPU
		{765B29FD-1CA0-439C-AB64-48710B5668CD}.Debug|Any CPU.Build.0 = Debug|Any CPU
		{765B29FD-1CA0-439C-AB64-48710B5668CD}.Release|Any CPU.ActiveCfg = Release|Any CPU
		{765B29FD-1CA0-439C-AB64-48710B5668CD}.Release|Any CPU.Build.0 = Release|Any CPU
		{C6342C86-CE86-4E92-B04A-57754FD8530E}.Debug|Any CPU.ActiveCfg = Debug|Any CPU
		{C6342C86-CE86-4E92-B04A-57754FD8530E}.Debug|Any CPU.Build.0 = Debug|Any CPU
		{C6342C86-CE86-4E92-B04A-57754FD8530E}.Release|Any CPU.ActiveCfg = Release|Any CPU
		{C6342C86-CE86-4E92-B04A-57754FD8530E}.Release|Any CPU.Build.0 = Release|Any CPU
		{0DB93E65-13F4-438F-A796-C53B8A3ACC88}.Debug|Any CPU.ActiveCfg = Debug|Any CPU
		{0DB93E65-13F4-438F-A796-C53B8A3ACC88}.Debug|Any CPU.Build.0 = Debug|Any CPU
		{0DB93E65-13F4-438F-A796-C53B8A3ACC88}.Release|Any CPU.ActiveCfg = Release|Any CPU
		{0DB93E65-13F4-438F-A796-C53B8A3ACC88}.Release|Any CPU.Build.0 = Release|Any CPU
		{16ABB0D2-A7E1-4EF8-ADA7-EE4EC6E71DEC}.Debug|Any CPU.ActiveCfg = Debug|Any CPU
		{16ABB0D2-A7E1-4EF8-ADA7-EE4EC6E71DEC}.Debug|Any CPU.Build.0 = Debug|Any CPU
		{16ABB0D2-A7E1-4EF8-ADA7-EE4EC6E71DEC}.Release|Any CPU.ActiveCfg = Release|Any CPU
		{16ABB0D2-A7E1-4EF8-ADA7-EE4EC6E71DEC}.Release|Any CPU.Build.0 = Release|Any CPU
		{11DF2C9F-37E0-4A2A-9185-80A77C3FCE1E}.Debug|Any CPU.ActiveCfg = Debug|Any CPU
		{11DF2C9F-37E0-4A2A-9185-80A77C3FCE1E}.Debug|Any CPU.Build.0 = Debug|Any CPU
		{11DF2C9F-37E0-4A2A-9185-80A77C3FCE1E}.Release|Any CPU.ActiveCfg = Release|Any CPU
		{11DF2C9F-37E0-4A2A-9185-80A77C3FCE1E}.Release|Any CPU.Build.0 = Release|Any CPU
		{C8E234A7-4D73-4F28-8E22-01D87DDBE12E}.Debug|Any CPU.ActiveCfg = Debug|Any CPU
		{C8E234A7-4D73-4F28-8E22-01D87DDBE12E}.Debug|Any CPU.Build.0 = Debug|Any CPU
		{C8E234A7-4D73-4F28-8E22-01D87DDBE12E}.Release|Any CPU.ActiveCfg = Release|Any CPU
		{C8E234A7-4D73-4F28-8E22-01D87DDBE12E}.Release|Any CPU.Build.0 = Release|Any CPU
	EndGlobalSection
EndGlobal
