
Microsoft Visual Studio Solution File, Format Version 12.00
# Visual Studio 2012
Project("{FAE04EC0-301F-11D3-BF4B-00C04F79EFBC}") = "Probrem4_1", "Probrem4_1\Probrem4_1.csproj", "{9EE20817-3E76-4744-AE5F-EC9833E0E830}"
EndProject
Project("{FAE04EC0-301F-11D3-BF4B-00C04F79EFBC}") = "Probrem4_2", "Probrem4_2\Probrem4_2.csproj", "{98691B8B-0DBD-4B0D-88BE-5BE80F0089A4}"
EndProject
Project("{FAE04EC0-301F-11D3-BF4B-00C04F79EFBC}") = "Probrem4_3", "Probrem4_3\Probrem4_3.csproj", "{63A7D6BB-C7C1-4DAB-B572-A7A4A22F4AC9}"
EndProject
Project("{FAE04EC0-301F-11D3-BF4B-00C04F79EFBC}") = "Probrem4_4", "Probrem4_4\Probrem4_4.csproj", "{B9D7F653-AD37-4909-982D-03D5FFE19F90}"
EndProject
Project("{FAE04EC0-301F-11D3-BF4B-00C04F79EFBC}") = "Probrem4_5", "Probrem4_5\Probrem4_5.csproj", "{5B41A141-B9E4-4302-887D-9E9CB36F96CC}"
EndProject
Project("{FAE04EC0-301F-11D3-BF4B-00C04F79EFBC}") = "Probrem4_6", "Probrem4_6\Probrem4_6.csproj", "{F4A096A6-7C84-46B9-B921-4411CEF26366}"
EndProject
Project("{FAE04EC0-301F-11D3-BF4B-00C04F79EFBC}") = "Probrem4_7", "Probrem4_7\Probrem4_7.csproj", "{F5A504E5-BF64-4DE8-AC43-32FD2C99BB57}"
EndProject
Project("{FAE04EC0-301F-11D3-BF4B-00C04F79EFBC}") = "Probrem4_8", "Probrem4_8\Probrem4_8.csproj", "{B91C9A2C-74FF-483A-8015-9C8692B6EB0F}"
EndProject
Project("{FAE04EC0-301F-11D3-BF4B-00C04F79EFBC}") = "Probrem4_9", "Probrem4_9\Probrem4_9.csproj", "{20080905-739F-42F5-83AD-E488DC94CF97}"
EndProject
Project("{FAE04EC0-301F-11D3-BF4B-00C04F79EFBC}") = "Probrem4_10", "Probrem4_10\Probrem4_10.csproj", "{6AB221AC-7A83-493C-B5F7-431A6F997B7D}"
EndProject
Project("{FAE04EC0-301F-11D3-BF4B-00C04F79EFBC}") = "Probrem4_11", "Probrem4_11\Probrem4_11.csproj", "{F979CF52-32E9-47E1-B5EF-5FF1EC68C3A3}"
EndProject
Project("{FAE04EC0-301F-11D3-BF4B-00C04F79EFBC}") = "Probrem4_12", "Probrem4_12\Probrem4_12.csproj", "{4657CCF5-8B68-49CC-9842-F81AAE0812B6}"
EndProject
Project("{FAE04EC0-301F-11D3-BF4B-00C04F79EFBC}") = "Probrem4_13", "Probrem4_13\Probrem4_13.csproj", "{FA8B49C8-7B8C-4639-AAB4-DD6AFDCCD9D1}"
EndProject
Project("{FAE04EC0-301F-11D3-BF4B-00C04F79EFBC}") = "Probrem4_14", "Probrem4_14\Probrem4_14.csproj", "{37AF824C-C4A2-41A1-AE0C-37B1D94FD9EC}"
EndProject
Project("{FAE04EC0-301F-11D3-BF4B-00C04F79EFBC}") = "Probrem4_15", "Probrem4_15\Probrem4_15.csproj", "{32DE62DF-3C47-4386-81CC-DC9AA844B25D}"
EndProject
Project("{FAE04EC0-301F-11D3-BF4B-00C04F79EFBC}") = "Probrem4_16", "Probrem4_16\Probrem4_16.csproj", "{51EAA24E-6723-40CC-9702-5E63C29D5FBA}"
EndProject
Project("{FAE04EC0-301F-11D3-BF4B-00C04F79EFBC}") = "Probrem4_17", "Probrem4_17\Probrem4_17.csproj", "{F6C18267-1A7E-4687-BB9C-C9014979FE41}"
EndProject
Project("{FAE04EC0-301F-11D3-BF4B-00C04F79EFBC}") = "Probrem4_18", "Probrem4_18\Probrem4_18.csproj", "{5AE9D72B-413B-4958-A415-471173FB4815}"
EndProject
Global
	GlobalSection(SolutionConfigurationPlatforms) = preSolution
		Debug|Any CPU = Debug|Any CPU
		Release|Any CPU = Release|Any CPU
	EndGlobalSection
	GlobalSection(ProjectConfigurationPlatforms) = postSolution
		{9EE20817-3E76-4744-AE5F-EC9833E0E830}.Debug|Any CPU.ActiveCfg = Debug|Any CPU
		{9EE20817-3E76-4744-AE5F-EC9833E0E830}.Debug|Any CPU.Build.0 = Debug|Any CPU
		{9EE20817-3E76-4744-AE5F-EC9833E0E830}.Release|Any CPU.ActiveCfg = Release|Any CPU
		{9EE20817-3E76-4744-AE5F-EC9833E0E830}.Release|Any CPU.Build.0 = Release|Any CPU
		{98691B8B-0DBD-4B0D-88BE-5BE80F0089A4}.Debug|Any CPU.ActiveCfg = Debug|Any CPU
		{98691B8B-0DBD-4B0D-88BE-5BE80F0089A4}.Debug|Any CPU.Build.0 = Debug|Any CPU
		{98691B8B-0DBD-4B0D-88BE-5BE80F0089A4}.Release|Any CPU.ActiveCfg = Release|Any CPU
		{98691B8B-0DBD-4B0D-88BE-5BE80F0089A4}.Release|Any CPU.Build.0 = Release|Any CPU
		{63A7D6BB-C7C1-4DAB-B572-A7A4A22F4AC9}.Debug|Any CPU.ActiveCfg = Debug|Any CPU
		{63A7D6BB-C7C1-4DAB-B572-A7A4A22F4AC9}.Debug|Any CPU.Build.0 = Debug|Any CPU
		{63A7D6BB-C7C1-4DAB-B572-A7A4A22F4AC9}.Release|Any CPU.ActiveCfg = Release|Any CPU
		{63A7D6BB-C7C1-4DAB-B572-A7A4A22F4AC9}.Release|Any CPU.Build.0 = Release|Any CPU
		{B9D7F653-AD37-4909-982D-03D5FFE19F90}.Debug|Any CPU.ActiveCfg = Debug|Any CPU
		{B9D7F653-AD37-4909-982D-03D5FFE19F90}.Debug|Any CPU.Build.0 = Debug|Any CPU
		{B9D7F653-AD37-4909-982D-03D5FFE19F90}.Release|Any CPU.ActiveCfg = Release|Any CPU
		{B9D7F653-AD37-4909-982D-03D5FFE19F90}.Release|Any CPU.Build.0 = Release|Any CPU
		{5B41A141-B9E4-4302-887D-9E9CB36F96CC}.Debug|Any CPU.ActiveCfg = Debug|Any CPU
		{5B41A141-B9E4-4302-887D-9E9CB36F96CC}.Debug|Any CPU.Build.0 = Debug|Any CPU
		{5B41A141-B9E4-4302-887D-9E9CB36F96CC}.Release|Any CPU.ActiveCfg = Release|Any CPU
		{5B41A141-B9E4-4302-887D-9E9CB36F96CC}.Release|Any CPU.Build.0 = Release|Any CPU
		{F4A096A6-7C84-46B9-B921-4411CEF26366}.Debug|Any CPU.ActiveCfg = Debug|Any CPU
		{F4A096A6-7C84-46B9-B921-4411CEF26366}.Debug|Any CPU.Build.0 = Debug|Any CPU
		{F4A096A6-7C84-46B9-B921-4411CEF26366}.Release|Any CPU.ActiveCfg = Release|Any CPU
		{F4A096A6-7C84-46B9-B921-4411CEF26366}.Release|Any CPU.Build.0 = Release|Any CPU
		{F5A504E5-BF64-4DE8-AC43-32FD2C99BB57}.Debug|Any CPU.ActiveCfg = Debug|Any CPU
		{F5A504E5-BF64-4DE8-AC43-32FD2C99BB57}.Debug|Any CPU.Build.0 = Debug|Any CPU
		{F5A504E5-BF64-4DE8-AC43-32FD2C99BB57}.Release|Any CPU.ActiveCfg = Release|Any CPU
		{F5A504E5-BF64-4DE8-AC43-32FD2C99BB57}.Release|Any CPU.Build.0 = Release|Any CPU
		{B91C9A2C-74FF-483A-8015-9C8692B6EB0F}.Debug|Any CPU.ActiveCfg = Debug|Any CPU
		{B91C9A2C-74FF-483A-8015-9C8692B6EB0F}.Debug|Any CPU.Build.0 = Debug|Any CPU
		{B91C9A2C-74FF-483A-8015-9C8692B6EB0F}.Release|Any CPU.ActiveCfg = Release|Any CPU
		{B91C9A2C-74FF-483A-8015-9C8692B6EB0F}.Release|Any CPU.Build.0 = Release|Any CPU
		{20080905-739F-42F5-83AD-E488DC94CF97}.Debug|Any CPU.ActiveCfg = Debug|Any CPU
		{20080905-739F-42F5-83AD-E488DC94CF97}.Debug|Any CPU.Build.0 = Debug|Any CPU
		{20080905-739F-42F5-83AD-E488DC94CF97}.Release|Any CPU.ActiveCfg = Release|Any CPU
		{20080905-739F-42F5-83AD-E488DC94CF97}.Release|Any CPU.Build.0 = Release|Any CPU
		{6AB221AC-7A83-493C-B5F7-431A6F997B7D}.Debug|Any CPU.ActiveCfg = Debug|Any CPU
		{6AB221AC-7A83-493C-B5F7-431A6F997B7D}.Debug|Any CPU.Build.0 = Debug|Any CPU
		{6AB221AC-7A83-493C-B5F7-431A6F997B7D}.Release|Any CPU.ActiveCfg = Release|Any CPU
		{6AB221AC-7A83-493C-B5F7-431A6F997B7D}.Release|Any CPU.Build.0 = Release|Any CPU
		{F979CF52-32E9-47E1-B5EF-5FF1EC68C3A3}.Debug|Any CPU.ActiveCfg = Debug|Any CPU
		{F979CF52-32E9-47E1-B5EF-5FF1EC68C3A3}.Debug|Any CPU.Build.0 = Debug|Any CPU
		{F979CF52-32E9-47E1-B5EF-5FF1EC68C3A3}.Release|Any CPU.ActiveCfg = Release|Any CPU
		{F979CF52-32E9-47E1-B5EF-5FF1EC68C3A3}.Release|Any CPU.Build.0 = Release|Any CPU
		{4657CCF5-8B68-49CC-9842-F81AAE0812B6}.Debug|Any CPU.ActiveCfg = Debug|Any CPU
		{4657CCF5-8B68-49CC-9842-F81AAE0812B6}.Debug|Any CPU.Build.0 = Debug|Any CPU
		{4657CCF5-8B68-49CC-9842-F81AAE0812B6}.Release|Any CPU.ActiveCfg = Release|Any CPU
		{4657CCF5-8B68-49CC-9842-F81AAE0812B6}.Release|Any CPU.Build.0 = Release|Any CPU
		{FA8B49C8-7B8C-4639-AAB4-DD6AFDCCD9D1}.Debug|Any CPU.ActiveCfg = Debug|Any CPU
		{FA8B49C8-7B8C-4639-AAB4-DD6AFDCCD9D1}.Debug|Any CPU.Build.0 = Debug|Any CPU
		{FA8B49C8-7B8C-4639-AAB4-DD6AFDCCD9D1}.Release|Any CPU.ActiveCfg = Release|Any CPU
		{FA8B49C8-7B8C-4639-AAB4-DD6AFDCCD9D1}.Release|Any CPU.Build.0 = Release|Any CPU
		{37AF824C-C4A2-41A1-AE0C-37B1D94FD9EC}.Debug|Any CPU.ActiveCfg = Debug|Any CPU
		{37AF824C-C4A2-41A1-AE0C-37B1D94FD9EC}.Debug|Any CPU.Build.0 = Debug|Any CPU
		{37AF824C-C4A2-41A1-AE0C-37B1D94FD9EC}.Release|Any CPU.ActiveCfg = Release|Any CPU
		{37AF824C-C4A2-41A1-AE0C-37B1D94FD9EC}.Release|Any CPU.Build.0 = Release|Any CPU
		{32DE62DF-3C47-4386-81CC-DC9AA844B25D}.Debug|Any CPU.ActiveCfg = Debug|Any CPU
		{32DE62DF-3C47-4386-81CC-DC9AA844B25D}.Debug|Any CPU.Build.0 = Debug|Any CPU
		{32DE62DF-3C47-4386-81CC-DC9AA844B25D}.Release|Any CPU.ActiveCfg = Release|Any CPU
		{32DE62DF-3C47-4386-81CC-DC9AA844B25D}.Release|Any CPU.Build.0 = Release|Any CPU
		{51EAA24E-6723-40CC-9702-5E63C29D5FBA}.Debug|Any CPU.ActiveCfg = Debug|Any CPU
		{51EAA24E-6723-40CC-9702-5E63C29D5FBA}.Debug|Any CPU.Build.0 = Debug|Any CPU
		{51EAA24E-6723-40CC-9702-5E63C29D5FBA}.Release|Any CPU.ActiveCfg = Release|Any CPU
		{51EAA24E-6723-40CC-9702-5E63C29D5FBA}.Release|Any CPU.Build.0 = Release|Any CPU
		{F6C18267-1A7E-4687-BB9C-C9014979FE41}.Debug|Any CPU.ActiveCfg = Debug|Any CPU
		{F6C18267-1A7E-4687-BB9C-C9014979FE41}.Debug|Any CPU.Build.0 = Debug|Any CPU
		{F6C18267-1A7E-4687-BB9C-C9014979FE41}.Release|Any CPU.ActiveCfg = Release|Any CPU
		{F6C18267-1A7E-4687-BB9C-C9014979FE41}.Release|Any CPU.Build.0 = Release|Any CPU
		{5AE9D72B-413B-4958-A415-471173FB4815}.Debug|Any CPU.ActiveCfg = Debug|Any CPU
		{5AE9D72B-413B-4958-A415-471173FB4815}.Debug|Any CPU.Build.0 = Debug|Any CPU
		{5AE9D72B-413B-4958-A415-471173FB4815}.Release|Any CPU.ActiveCfg = Release|Any CPU
		{5AE9D72B-413B-4958-A415-471173FB4815}.Release|Any CPU.Build.0 = Release|Any CPU
	EndGlobalSection
EndGlobal
